
Microsoft Visual Studio Solution File, Format Version 12.00
# Visual Studio Version 17
VisualStudioVersion = 17.13.35806.99 d17.13
MinimumVisualStudioVersion = 10.0.40219.1
Project("{FAE04EC0-301F-11D3-BF4B-00C04F79EFBC}") = "LegionCommand", "LegionCommand\LegionCommand.csproj", "{0E49662A-01B4-4949-AC9F-910F5B5F5A7D}"
EndProject
Global
	GlobalSection(SolutionConfigurationPlatforms) = preSolution
		Debug|Any CPU = Debug|Any CPU
		Release|Any CPU = Release|Any CPU
	EndGlobalSection
	GlobalSection(ProjectConfigurationPlatforms) = postSolution
		{0E49662A-01B4-4949-AC9F-910F5B5F5A7D}.Debug|Any CPU.ActiveCfg = Debug|Any CPU
		{0E49662A-01B4-4949-AC9F-910F5B5F5A7D}.Debug|Any CPU.Build.0 = Debug|Any CPU
		{0E49662A-01B4-4949-AC9F-910F5B5F5A7D}.Release|Any CPU.ActiveCfg = Release|Any CPU
		{0E49662A-01B4-4949-AC9F-910F5B5F5A7D}.Release|Any CPU.Build.0 = Release|Any CPU
	EndGlobalSection
	GlobalSection(SolutionProperties) = preSolution
		HideSolutionNode = FALSE
	EndGlobalSection
	GlobalSection(ExtensibilityGlobals) = postSolution
		SolutionGuid = {0D88E166-CE52-4888-A6E9-12B80256F74C}
	EndGlobalSection
EndGlobal
